
Microsoft Visual Studio Solution File, Format Version 12.00
# Visual Studio Version 17
VisualStudioVersion = 17.3.32901.215
MinimumVisualStudioVersion = 10.0.40219.1
Project("{FAE04EC0-301F-11D3-BF4B-00C04F79EFBC}") = "RootService", "RootService\RootService.csproj", "{7C6F5104-3CCE-401C-8450-C4BD78C4F89A}"
EndProject
Project("{FAE04EC0-301F-11D3-BF4B-00C04F79EFBC}") = "SampleService", "SampleService\SampleService.csproj", "{AF84CD8D-5371-485E-B164-8BA39B6C196E}"
EndProject
Project("{FAE04EC0-301F-11D3-BF4B-00C04F79EFBC}") = "Net.Http.Utilits", "Net.Http.Utilits\Net.Http.Utilits.csproj", "{AA8D5B04-31D6-4AA2-9D7C-C7F82ECC1C29}"
EndProject
Global
	GlobalSection(SolutionConfigurationPlatforms) = preSolution
		Debug|Any CPU = Debug|Any CPU
		Release|Any CPU = Release|Any CPU
	EndGlobalSection
	GlobalSection(ProjectConfigurationPlatforms) = postSolution
		{7C6F5104-3CCE-401C-8450-C4BD78C4F89A}.Debug|Any CPU.ActiveCfg = Debug|Any CPU
		{7C6F5104-3CCE-401C-8450-C4BD78C4F89A}.Debug|Any CPU.Build.0 = Debug|Any CPU
		{7C6F5104-3CCE-401C-8450-C4BD78C4F89A}.Release|Any CPU.ActiveCfg = Release|Any CPU
		{7C6F5104-3CCE-401C-8450-C4BD78C4F89A}.Release|Any CPU.Build.0 = Release|Any CPU
		{AF84CD8D-5371-485E-B164-8BA39B6C196E}.Debug|Any CPU.ActiveCfg = Debug|Any CPU
		{AF84CD8D-5371-485E-B164-8BA39B6C196E}.Debug|Any CPU.Build.0 = Debug|Any CPU
		{AF84CD8D-5371-485E-B164-8BA39B6C196E}.Release|Any CPU.ActiveCfg = Release|Any CPU
		{AF84CD8D-5371-485E-B164-8BA39B6C196E}.Release|Any CPU.Build.0 = Release|Any CPU
		{AA8D5B04-31D6-4AA2-9D7C-C7F82ECC1C29}.Debug|Any CPU.ActiveCfg = Debug|Any CPU
		{AA8D5B04-31D6-4AA2-9D7C-C7F82ECC1C29}.Debug|Any CPU.Build.0 = Debug|Any CPU
		{AA8D5B04-31D6-4AA2-9D7C-C7F82ECC1C29}.Release|Any CPU.ActiveCfg = Release|Any CPU
		{AA8D5B04-31D6-4AA2-9D7C-C7F82ECC1C29}.Release|Any CPU.Build.0 = Release|Any CPU
	EndGlobalSection
	GlobalSection(SolutionProperties) = preSolution
		HideSolutionNode = FALSE
	EndGlobalSection
	GlobalSection(ExtensibilityGlobals) = postSolution
		SolutionGuid = {47EF63E3-0E6C-4E51-B38D-4552C63499FA}
	EndGlobalSection
EndGlobal
