
Microsoft Visual Studio Solution File, Format Version 12.00
# Visual Studio Version 17
VisualStudioVersion = 17.3.32825.248
MinimumVisualStudioVersion = 10.0.40219.1
Project("{FAE04EC0-301F-11D3-BF4B-00C04F79EFBC}") = "PumpService", "PumpService\PumpService.csproj", "{3FD5395C-BEC5-4F6D-8802-EA61CDBFDC25}"
EndProject
Project("{FAE04EC0-301F-11D3-BF4B-00C04F79EFBC}") = "PumpClient", "PumpClient\PumpClient.csproj", "{1C28BACF-15DD-4251-B537-F9E1D614E667}"
	ProjectSection(ProjectDependencies) = postProject
		{3FD5395C-BEC5-4F6D-8802-EA61CDBFDC25} = {3FD5395C-BEC5-4F6D-8802-EA61CDBFDC25}
	EndProjectSection
EndProject
Global
	GlobalSection(SolutionConfigurationPlatforms) = preSolution
		Debug|Any CPU = Debug|Any CPU
		Release|Any CPU = Release|Any CPU
	EndGlobalSection
	GlobalSection(ProjectConfigurationPlatforms) = postSolution
		{3FD5395C-BEC5-4F6D-8802-EA61CDBFDC25}.Debug|Any CPU.ActiveCfg = Debug|Any CPU
		{3FD5395C-BEC5-4F6D-8802-EA61CDBFDC25}.Debug|Any CPU.Build.0 = Debug|Any CPU
		{3FD5395C-BEC5-4F6D-8802-EA61CDBFDC25}.Release|Any CPU.ActiveCfg = Release|Any CPU
		{3FD5395C-BEC5-4F6D-8802-EA61CDBFDC25}.Release|Any CPU.Build.0 = Release|Any CPU
		{1C28BACF-15DD-4251-B537-F9E1D614E667}.Debug|Any CPU.ActiveCfg = Debug|Any CPU
		{1C28BACF-15DD-4251-B537-F9E1D614E667}.Debug|Any CPU.Build.0 = Debug|Any CPU
		{1C28BACF-15DD-4251-B537-F9E1D614E667}.Release|Any CPU.ActiveCfg = Release|Any CPU
		{1C28BACF-15DD-4251-B537-F9E1D614E667}.Release|Any CPU.Build.0 = Release|Any CPU
	EndGlobalSection
	GlobalSection(SolutionProperties) = preSolution
		HideSolutionNode = FALSE
	EndGlobalSection
	GlobalSection(ExtensibilityGlobals) = postSolution
		SolutionGuid = {F9A787C3-9519-418A-A7A2-83CC33B3F282}
	EndGlobalSection
EndGlobal
